
Microsoft Visual Studio Solution File, Format Version 12.00
# Visual Studio Version 17
VisualStudioVersion = 17.8.34322.80
MinimumVisualStudioVersion = 10.0.40219.1
Project("{FAE04EC0-301F-11D3-BF4B-00C04F79EFBC}") = "TestMVVM", "TestMVVM.csproj", "{67BB17DC-A973-4484-954F-D7F79F42428C}"
EndProject
Global
	GlobalSection(SolutionConfigurationPlatforms) = preSolution
		Debug|Any CPU = Debug|Any CPU
		Release|Any CPU = Release|Any CPU
	EndGlobalSection
	GlobalSection(ProjectConfigurationPlatforms) = postSolution
		{67BB17DC-A973-4484-954F-D7F79F42428C}.Debug|Any CPU.ActiveCfg = Debug|Any CPU
		{67BB17DC-A973-4484-954F-D7F79F42428C}.Debug|Any CPU.Build.0 = Debug|Any CPU
		{67BB17DC-A973-4484-954F-D7F79F42428C}.Release|Any CPU.ActiveCfg = Release|Any CPU
		{67BB17DC-A973-4484-954F-D7F79F42428C}.Release|Any CPU.Build.0 = Release|Any CPU
	EndGlobalSection
	GlobalSection(SolutionProperties) = preSolution
		HideSolutionNode = FALSE
	EndGlobalSection
	GlobalSection(ExtensibilityGlobals) = postSolution
		SolutionGuid = {B7405D31-889D-4B1B-9AF0-6E834D740748}
	EndGlobalSection
EndGlobal
